// !$*UTF8*$!
{
	archiveVersion = 1;
	classes = {
	};
	objectVersion = 50;
	objects = {

/* Begin PBXBuildFile section */
		86A6450224A9897B00D4F50F /* AppDelegate.swift in Sources */ = {isa = PBXBuildFile; fileRef = 86A6450124A9897B00D4F50F /* AppDelegate.swift */; };
		86A6450424A9897B00D4F50F /* SceneDelegate.swift in Sources */ = {isa = PBXBuildFile; fileRef = 86A6450324A9897B00D4F50F /* SceneDelegate.swift */; };
		86A6450624A9897B00D4F50F /* MainViewController.swift in Sources */ = {isa = PBXBuildFile; fileRef = 86A6450524A9897B00D4F50F /* MainViewController.swift */; };
		86A6450924A9897B00D4F50F /* Main.storyboard in Resources */ = {isa = PBXBuildFile; fileRef = 86A6450724A9897B00D4F50F /* Main.storyboard */; };
		86A6450B24A9897C00D4F50F /* Assets.xcassets in Resources */ = {isa = PBXBuildFile; fileRef = 86A6450A24A9897C00D4F50F /* Assets.xcassets */; };
		86A6450E24A9897C00D4F50F /* LaunchScreen.storyboard in Resources */ = {isa = PBXBuildFile; fileRef = 86A6450C24A9897C00D4F50F /* LaunchScreen.storyboard */; };
		86A6451924A9897D00D4F50F /* BluetoothTests.swift in Sources */ = {isa = PBXBuildFile; fileRef = 86A6451824A9897D00D4F50F /* BluetoothTests.swift */; };
		86B4168D24AA7BB700E34332 /* LogViewController.swift in Sources */ = {isa = PBXBuildFile; fileRef = 86B4168C24AA7BB700E34332 /* LogViewController.swift */; };
		86B4168F24AA890000E34332 /* UIKit+Utility.swift in Sources */ = {isa = PBXBuildFile; fileRef = 86B4168E24AA890000E34332 /* UIKit+Utility.swift */; };
/* End PBXBuildFile section */

/* Begin PBXContainerItemProxy section */
		86A6451524A9897C00D4F50F /* PBXContainerItemProxy */ = {
			isa = PBXContainerItemProxy;
			containerPortal = 86A644F624A9897B00D4F50F /* Project object */;
			proxyType = 1;
			remoteGlobalIDString = 86A644FD24A9897B00D4F50F;
			remoteInfo = Bluetooth;
		};
/* End PBXContainerItemProxy section */

/* Begin PBXFileReference section */
		86A644FE24A9897B00D4F50F /* Bluetooth.app */ = {isa = PBXFileReference; explicitFileType = wrapper.application; includeInIndex = 0; path = Bluetooth.app; sourceTree = BUILT_PRODUCTS_DIR; };
		86A6450124A9897B00D4F50F /* AppDelegate.swift */ = {isa = PBXFileReference; lastKnownFileType = sourcecode.swift; path = AppDelegate.swift; sourceTree = "<group>"; };
		86A6450324A9897B00D4F50F /* SceneDelegate.swift */ = {isa = PBXFileReference; lastKnownFileType = sourcecode.swift; path = SceneDelegate.swift; sourceTree = "<group>"; };
		86A6450524A9897B00D4F50F /* MainViewController.swift */ = {isa = PBXFileReference; lastKnownFileType = sourcecode.swift; path = MainViewController.swift; sourceTree = "<group>"; };
		86A6450824A9897B00D4F50F /* Base */ = {isa = PBXFileReference; lastKnownFileType = file.storyboard; name = Base; path = Base.lproj/Main.storyboard; sourceTree = "<group>"; };
		86A6450A24A9897C00D4F50F /* Assets.xcassets */ = {isa = PBXFileReference; lastKnownFileType = folder.assetcatalog; path = Assets.xcassets; sourceTree = "<group>"; };
		86A6450D24A9897C00D4F50F /* Base */ = {isa = PBXFileReference; lastKnownFileType = file.storyboard; name = Base; path = Base.lproj/LaunchScreen.storyboard; sourceTree = "<group>"; };
		86A6450F24A9897C00D4F50F /* Info.plist */ = {isa = PBXFileReference; lastKnownFileType = text.plist.xml; path = Info.plist; sourceTree = "<group>"; };
		86A6451424A9897C00D4F50F /* BluetoothTests.xctest */ = {isa = PBXFileReference; explicitFileType = wrapper.cfbundle; includeInIndex = 0; path = BluetoothTests.xctest; sourceTree = BUILT_PRODUCTS_DIR; };
		86A6451824A9897D00D4F50F /* BluetoothTests.swift */ = {isa = PBXFileReference; lastKnownFileType = sourcecode.swift; path = BluetoothTests.swift; sourceTree = "<group>"; };
		86A6451A24A9897D00D4F50F /* Info.plist */ = {isa = PBXFileReference; lastKnownFileType = text.plist.xml; path = Info.plist; sourceTree = "<group>"; };
		86B4168C24AA7BB700E34332 /* LogViewController.swift */ = {isa = PBXFileReference; lastKnownFileType = sourcecode.swift; path = LogViewController.swift; sourceTree = "<group>"; };
		86B4168E24AA890000E34332 /* UIKit+Utility.swift */ = {isa = PBXFileReference; lastKnownFileType = sourcecode.swift; path = "UIKit+Utility.swift"; sourceTree = "<group>"; };
/* End PBXFileReference section */

/* Begin PBXFrameworksBuildPhase section */
		86A644FB24A9897B00D4F50F /* Frameworks */ = {
			isa = PBXFrameworksBuildPhase;
			buildActionMask = 2147483647;
			files = (
			);
			runOnlyForDeploymentPostprocessing = 0;
		};
		86A6451124A9897C00D4F50F /* Frameworks */ = {
			isa = PBXFrameworksBuildPhase;
			buildActionMask = 2147483647;
			files = (
			);
			runOnlyForDeploymentPostprocessing = 0;
		};
/* End PBXFrameworksBuildPhase section */

/* Begin PBXGroup section */
		86A644F524A9897B00D4F50F = {
			isa = PBXGroup;
			children = (
				86A6450024A9897B00D4F50F /* Bluetooth */,
				86A6451724A9897D00D4F50F /* BluetoothTests */,
				86A644FF24A9897B00D4F50F /* Products */,
			);
			sourceTree = "<group>";
		};
		86A644FF24A9897B00D4F50F /* Products */ = {
			isa = PBXGroup;
			children = (
				86A644FE24A9897B00D4F50F /* Bluetooth.app */,
				86A6451424A9897C00D4F50F /* BluetoothTests.xctest */,
			);
			name = Products;
			sourceTree = "<group>";
		};
		86A6450024A9897B00D4F50F /* Bluetooth */ = {
			isa = PBXGroup;
			children = (
				86A6450124A9897B00D4F50F /* AppDelegate.swift */,
				86A6450324A9897B00D4F50F /* SceneDelegate.swift */,
				86A6450524A9897B00D4F50F /* MainViewController.swift */,
				86B4168C24AA7BB700E34332 /* LogViewController.swift */,
				86B4168E24AA890000E34332 /* UIKit+Utility.swift */,
				86A6450724A9897B00D4F50F /* Main.storyboard */,
				86A6450A24A9897C00D4F50F /* Assets.xcassets */,
				86A6450C24A9897C00D4F50F /* LaunchScreen.storyboard */,
				86A6450F24A9897C00D4F50F /* Info.plist */,
			);
			path = Bluetooth;
			sourceTree = "<group>";
		};
		86A6451724A9897D00D4F50F /* BluetoothTests */ = {
			isa = PBXGroup;
			children = (
				86A6451824A9897D00D4F50F /* BluetoothTests.swift */,
				86A6451A24A9897D00D4F50F /* Info.plist */,
			);
			path = BluetoothTests;
			sourceTree = "<group>";
		};
/* End PBXGroup section */

/* Begin PBXNativeTarget section */
		86A644FD24A9897B00D4F50F /* Bluetooth */ = {
			isa = PBXNativeTarget;
			buildConfigurationList = 86A6451D24A9897D00D4F50F /* Build configuration list for PBXNativeTarget "Bluetooth" */;
			buildPhases = (
				86A644FA24A9897B00D4F50F /* Sources */,
				86A644FB24A9897B00D4F50F /* Frameworks */,
				86A644FC24A9897B00D4F50F /* Resources */,
			);
			buildRules = (
			);
			dependencies = (
			);
			name = Bluetooth;
			productName = Bluetooth;
			productReference = 86A644FE24A9897B00D4F50F /* Bluetooth.app */;
			productType = "com.apple.product-type.application";
		};
		86A6451324A9897C00D4F50F /* BluetoothTests */ = {
			isa = PBXNativeTarget;
			buildConfigurationList = 86A6452024A9897D00D4F50F /* Build configuration list for PBXNativeTarget "BluetoothTests" */;
			buildPhases = (
				86A6451024A9897C00D4F50F /* Sources */,
				86A6451124A9897C00D4F50F /* Frameworks */,
				86A6451224A9897C00D4F50F /* Resources */,
			);
			buildRules = (
			);
			dependencies = (
				86A6451624A9897C00D4F50F /* PBXTargetDependency */,
			);
			name = BluetoothTests;
			productName = BluetoothTests;
			productReference = 86A6451424A9897C00D4F50F /* BluetoothTests.xctest */;
			productType = "com.apple.product-type.bundle.unit-test";
		};
/* End PBXNativeTarget section */

/* Begin PBXProject section */
		86A644F624A9897B00D4F50F /* Project object */ = {
			isa = PBXProject;
			attributes = {
				LastSwiftUpdateCheck = 1150;
				LastUpgradeCheck = 1150;
				ORGANIZATIONNAME = "Gavin Li";
				TargetAttributes = {
					86A644FD24A9897B00D4F50F = {
						CreatedOnToolsVersion = 11.5;
					};
					86A6451324A9897C00D4F50F = {
						CreatedOnToolsVersion = 11.5;
						TestTargetID = 86A644FD24A9897B00D4F50F;
					};
				};
			};
			buildConfigurationList = 86A644F924A9897B00D4F50F /* Build configuration list for PBXProject "Bluetooth" */;
			compatibilityVersion = "Xcode 9.3";
			developmentRegion = en;
			hasScannedForEncodings = 0;
			knownRegions = (
				en,
				Base,
			);
			mainGroup = 86A644F524A9897B00D4F50F;
			productRefGroup = 86A644FF24A9897B00D4F50F /* Products */;
			projectDirPath = "";
			projectRoot = "";
			targets = (
				86A644FD24A9897B00D4F50F /* Bluetooth */,
				86A6451324A9897C00D4F50F /* BluetoothTests */,
			);
		};
/* End PBXProject section */

/* Begin PBXResourcesBuildPhase section */
		86A644FC24A9897B00D4F50F /* Resources */ = {
			isa = PBXResourcesBuildPhase;
			buildActionMask = 2147483647;
			files = (
				86A6450E24A9897C00D4F50F /* LaunchScreen.storyboard in Resources */,
				86A6450B24A9897C00D4F50F /* Assets.xcassets in Resources */,
				86A6450924A9897B00D4F50F /* Main.storyboard in Resources */,
			);
			runOnlyForDeploymentPostprocessing = 0;
		};
		86A6451224A9897C00D4F50F /* Resources */ = {
			isa = PBXResourcesBuildPhase;
			buildActionMask = 2147483647;
			files = (
			);
			runOnlyForDeploymentPostprocessing = 0;
		};
/* End PBXResourcesBuildPhase section */

/* Begin PBXSourcesBuildPhase section */
		86A644FA24A9897B00D4F50F /* Sources */ = {
			isa = PBXSourcesBuildPhase;
			buildActionMask = 2147483647;
			files = (
				86A6450624A9897B00D4F50F /* MainViewController.swift in Sources */,
				86A6450224A9897B00D4F50F /* AppDelegate.swift in Sources */,
				86B4168F24AA890000E34332 /* UIKit+Utility.swift in Sources */,
				86A6450424A9897B00D4F50F /* SceneDelegate.swift in Sources */,
				86B4168D24AA7BB700E34332 /* LogViewController.swift in Sources */,
			);
			runOnlyForDeploymentPostprocessing = 0;
		};
		86A6451024A9897C00D4F50F /* Sources */ = {
			isa = PBXSourcesBuildPhase;
			buildActionMask = 2147483647;
			files = (
				86A6451924A9897D00D4F50F /* BluetoothTests.swift in Sources */,
			);
			runOnlyForDeploymentPostprocessing = 0;
		};
/* End PBXSourcesBuildPhase section */

/* Begin PBXTargetDependency section */
		86A6451624A9897C00D4F50F /* PBXTargetDependency */ = {
			isa = PBXTargetDependency;
			target = 86A644FD24A9897B00D4F50F /* Bluetooth */;
			targetProxy = 86A6451524A9897C00D4F50F /* PBXContainerItemProxy */;
		};
/* End PBXTargetDependency section */

/* Begin PBXVariantGroup section */
		86A6450724A9897B00D4F50F /* Main.storyboard */ = {
			isa = PBXVariantGroup;
			children = (
				86A6450824A9897B00D4F50F /* Base */,
			);
			name = Main.storyboard;
			sourceTree = "<group>";
		};
		86A6450C24A9897C00D4F50F /* LaunchScreen.storyboard */ = {
			isa = PBXVariantGroup;
			children = (
				86A6450D24A9897C00D4F50F /* Base */,
			);
			name = LaunchScreen.storyboard;
			sourceTree = "<group>";
		};
/* End PBXVariantGroup section */

/* Begin XCBuildConfiguration section */
		86A6451B24A9897D00D4F50F /* Debug */ = {
			isa = XCBuildConfiguration;
			buildSettings = {
				ALWAYS_SEARCH_USER_PATHS = NO;
				CLANG_ANALYZER_NONNULL = YES;
				CLANG_ANALYZER_NUMBER_OBJECT_CONVERSION = YES_AGGRESSIVE;
				CLANG_CXX_LANGUAGE_STANDARD = "gnu++14";
				CLANG_CXX_LIBRARY = "libc++";
				CLANG_ENABLE_MODULES = YES;
				CLANG_ENABLE_OBJC_ARC = YES;
				CLANG_ENABLE_OBJC_WEAK = YES;
				CLANG_WARN_BLOCK_CAPTURE_AUTORELEASING = YES;
				CLANG_WARN_BOOL_CONVERSION = YES;
				CLANG_WARN_COMMA = YES;
				CLANG_WARN_CONSTANT_CONVERSION = YES;
				CLANG_WARN_DEPRECATED_OBJC_IMPLEMENTATIONS = YES;
				CLANG_WARN_DIRECT_OBJC_ISA_USAGE = YES_ERROR;
				CLANG_WARN_DOCUMENTATION_COMMENTS = YES;
				CLANG_WARN_EMPTY_BODY = YES;
				CLANG_WARN_ENUM_CONVERSION = YES;
				CLANG_WARN_INFINITE_RECURSION = YES;
				CLANG_WARN_INT_CONVERSION = YES;
				CLANG_WARN_NON_LITERAL_NULL_CONVERSION = YES;
				CLANG_WARN_OBJC_IMPLICIT_RETAIN_SELF = YES;
				CLANG_WARN_OBJC_LITERAL_CONVERSION = YES;
				CLANG_WARN_OBJC_ROOT_CLASS = YES_ERROR;
				CLANG_WARN_RANGE_LOOP_ANALYSIS = YES;
				CLANG_WARN_STRICT_PROTOTYPES = YES;
				CLANG_WARN_SUSPICIOUS_MOVE = YES;
				CLANG_WARN_UNGUARDED_AVAILABILITY = YES_AGGRESSIVE;
				CLANG_WARN_UNREACHABLE_CODE = YES;
				CLANG_WARN__DUPLICATE_METHOD_MATCH = YES;
				COPY_PHASE_STRIP = NO;
				DEBUG_INFORMATION_FORMAT = dwarf;
				ENABLE_STRICT_OBJC_MSGSEND = YES;
				ENABLE_TESTABILITY = YES;
				GCC_C_LANGUAGE_STANDARD = gnu11;
				GCC_DYNAMIC_NO_PIC = NO;
				GCC_NO_COMMON_BLOCKS = YES;
				GCC_OPTIMIZATION_LEVEL = 0;
				GCC_PREPROCESSOR_DEFINITIONS = (
					"DEBUG=1",
					"$(inherited)",
				);
				GCC_WARN_64_TO_32_BIT_CONVERSION = YES;
				GCC_WARN_ABOUT_RETURN_TYPE = YES_ERROR;
				GCC_WARN_UNDECLARED_SELECTOR = YES;
				GCC_WARN_UNINITIALIZED_AUTOS = YES_AGGRESSIVE;
				GCC_WARN_UNUSED_FUNCTION = YES;
				GCC_WARN_UNUSED_VARIABLE = YES;
				IPHONEOS_DEPLOYMENT_TARGET = 13.5;
				MTL_ENABLE_DEBUG_INFO = INCLUDE_SOURCE;
				MTL_FAST_MATH = YES;
				ONLY_ACTIVE_ARCH = YES;
				SDKROOT = iphoneos;
				SWIFT_ACTIVE_COMPILATION_CONDITIONS = DEBUG;
				SWIFT_OPTIMIZATION_LEVEL = "-Onone";
			};
			name = Debug;
		};
		86A6451C24A9897D00D4F50F /* Release */ = {
			isa = XCBuildConfiguration;
			buildSettings = {
				ALWAYS_SEARCH_USER_PATHS = NO;
				CLANG_ANALYZER_NONNULL = YES;
				CLANG_ANALYZER_NUMBER_OBJECT_CONVERSION = YES_AGGRESSIVE;
				CLANG_CXX_LANGUAGE_STANDARD = "gnu++14";
				CLANG_CXX_LIBRARY = "libc++";
				CLANG_ENABLE_MODULES = YES;
				CLANG_ENABLE_OBJC_ARC = YES;
				CLANG_ENABLE_OBJC_WEAK = YES;
				CLANG_WARN_BLOCK_CAPTURE_AUTORELEASING = YES;
				CLANG_WARN_BOOL_CONVERSION = YES;
				CLANG_WARN_COMMA = YES;
				CLANG_WARN_CONSTANT_CONVERSION = YES;
				CLANG_WARN_DEPRECATED_OBJC_IMPLEMENTATIONS = YES;
				CLANG_WARN_DIRECT_OBJC_ISA_USAGE = YES_ERROR;
				CLANG_WARN_DOCUMENTATION_COMMENTS = YES;
				CLANG_WARN_EMPTY_BODY = YES;
				CLANG_WARN_ENUM_CONVERSION = YES;
				CLANG_WARN_INFINITE_RECURSION = YES;
				CLANG_WARN_INT_CONVERSION = YES;
				CLANG_WARN_NON_LITERAL_NULL_CONVERSION = YES;
				CLANG_WARN_OBJC_IMPLICIT_RETAIN_SELF = YES;
				CLANG_WARN_OBJC_LITERAL_CONVERSION = YES;
				CLANG_WARN_OBJC_ROOT_CLASS = YES_ERROR;
				CLANG_WARN_RANGE_LOOP_ANALYSIS = YES;
				CLANG_WARN_STRICT_PROTOTYPES = YES;
				CLANG_WARN_SUSPICIOUS_MOVE = YES;
				CLANG_WARN_UNGUARDED_AVAILABILITY = YES_AGGRESSIVE;
				CLANG_WARN_UNREACHABLE_CODE = YES;
				CLANG_WARN__DUPLICATE_METHOD_MATCH = YES;
				COPY_PHASE_STRIP = NO;
				DEBUG_INFORMATION_FORMAT = "dwarf-with-dsym";
				ENABLE_NS_ASSERTIONS = NO;
				ENABLE_STRICT_OBJC_MSGSEND = YES;
				GCC_C_LANGUAGE_STANDARD = gnu11;
				GCC_NO_COMMON_BLOCKS = YES;
				GCC_WARN_64_TO_32_BIT_CONVERSION = YES;
				GCC_WARN_ABOUT_RETURN_TYPE = YES_ERROR;
				GCC_WARN_UNDECLARED_SELECTOR = YES;
				GCC_WARN_UNINITIALIZED_AUTOS = YES_AGGRESSIVE;
				GCC_WARN_UNUSED_FUNCTION = YES;
				GCC_WARN_UNUSED_VARIABLE = YES;
				IPHONEOS_DEPLOYMENT_TARGET = 13.5;
				MTL_ENABLE_DEBUG_INFO = NO;
				MTL_FAST_MATH = YES;
				SDKROOT = iphoneos;
				SWIFT_COMPILATION_MODE = wholemodule;
				SWIFT_OPTIMIZATION_LEVEL = "-O";
				VALIDATE_PRODUCT = YES;
			};
			name = Release;
		};
		86A6451E24A9897D00D4F50F /* Debug */ = {
			isa = XCBuildConfiguration;
			buildSettings = {
				ASSETCATALOG_COMPILER_APPICON_NAME = AppIcon;
				CODE_SIGN_STYLE = Automatic;
				DEVELOPMENT_TEAM = 78496B486Q;
				INFOPLIST_FILE = Bluetooth/Info.plist;
				LD_RUNPATH_SEARCH_PATHS = (
					"$(inherited)",
					"@executable_path/Frameworks",
				);
				PRODUCT_BUNDLE_IDENTIFIER = org.gavinli.Bluetooth;
				PRODUCT_NAME = "$(TARGET_NAME)";
				SWIFT_VERSION = 5.0;
				TARGETED_DEVICE_FAMILY = "1,2";
			};
			name = Debug;
		};
		86A6451F24A9897D00D4F50F /* Release */ = {
			isa = XCBuildConfiguration;
			buildSettings = {
				ASSETCATALOG_COMPILER_APPICON_NAME = AppIcon;
				CODE_SIGN_STYLE = Automatic;
				DEVELOPMENT_TEAM = 78496B486Q;
				INFOPLIST_FILE = Bluetooth/Info.plist;
				LD_RUNPATH_SEARCH_PATHS = (
					"$(inherited)",
					"@executable_path/Frameworks",
				);
				PRODUCT_BUNDLE_IDENTIFIER = org.gavinli.Bluetooth;
				PRODUCT_NAME = "$(TARGET_NAME)";
				SWIFT_VERSION = 5.0;
				TARGETED_DEVICE_FAMILY = "1,2";
			};
			name = Release;
		};
		86A6452124A9897D00D4F50F /* Debug */ = {
			isa = XCBuildConfiguration;
			buildSettings = {
				ALWAYS_EMBED_SWIFT_STANDARD_LIBRARIES = YES;
				BUNDLE_LOADER = "$(TEST_HOST)";
				CODE_SIGN_STYLE = Automatic;
				INFOPLIST_FILE = BluetoothTests/Info.plist;
				IPHONEOS_DEPLOYMENT_TARGET = 13.5;
				LD_RUNPATH_SEARCH_PATHS = (
					"$(inherited)",
					"@executable_path/Frameworks",
					"@loader_path/Frameworks",
				);
				PRODUCT_BUNDLE_IDENTIFIER = org.gavinli.BluetoothTests;
				PRODUCT_NAME = "$(TARGET_NAME)";
				SWIFT_VERSION = 5.0;
				TARGETED_DEVICE_FAMILY = "1,2";
				TEST_HOST = "$(BUILT_PRODUCTS_DIR)/Bluetooth.app/Bluetooth";
			};
			name = Debug;
		};
		86A6452224A9897D00D4F50F /* Release */ = {
			isa = XCBuildConfiguration;
			buildSettings = {
				ALWAYS_EMBED_SWIFT_STANDARD_LIBRARIES = YES;
				BUNDLE_LOADER = "$(TEST_HOST)";
				CODE_SIGN_STYLE = Automatic;
				INFOPLIST_FILE = BluetoothTests/Info.plist;
				IPHONEOS_DEPLOYMENT_TARGET = 13.5;
				LD_RUNPATH_SEARCH_PATHS = (
					"$(inherited)",
					"@executable_path/Frameworks",
					"@loader_path/Frameworks",
				);
				PRODUCT_BUNDLE_IDENTIFIER = org.gavinli.BluetoothTests;
				PRODUCT_NAME = "$(TARGET_NAME)";
				SWIFT_VERSION = 5.0;
				TARGETED_DEVICE_FAMILY = "1,2";
				TEST_HOST = "$(BUILT_PRODUCTS_DIR)/Bluetooth.app/Bluetooth";
			};
			name = Release;
		};
/* End XCBuildConfiguration section */

/* Begin XCConfigurationList section */
		86A644F924A9897B00D4F50F /* Build configuration list for PBXProject "Bluetooth" */ = {
			isa = XCConfigurationList;
			buildConfigurations = (
				86A6451B24A9897D00D4F50F /* Debug */,
				86A6451C24A9897D00D4F50F /* Release */,
			);
			defaultConfigurationIsVisible = 0;
			defaultConfigurationName = Release;
		};
		86A6451D24A9897D00D4F50F /* Build configuration list for PBXNativeTarget "Bluetooth" */ = {
			isa = XCConfigurationList;
			buildConfigurations = (
				86A6451E24A9897D00D4F50F /* Debug */,
				86A6451F24A9897D00D4F50F /* Release */,
			);
			defaultConfigurationIsVisible = 0;
			defaultConfigurationName = Release;
		};
		86A6452024A9897D00D4F50F /* Build configuration list for PBXNativeTarget "BluetoothTests" */ = {
			isa = XCConfigurationList;
			buildConfigurations = (
				86A6452124A9897D00D4F50F /* Debug */,
				86A6452224A9897D00D4F50F /* Release */,
			);
			defaultConfigurationIsVisible = 0;
			defaultConfigurationName = Release;
		};
/* End XCConfigurationList section */
	};
	rootObject = 86A644F624A9897B00D4F50F /* Project object */;
}
